
Microsoft Visual Studio Solution File, Format Version 12.00
# Visual Studio Version 17
VisualStudioVersion = 17.9.34723.18
MinimumVisualStudioVersion = 10.0.40219.1
Project("{FAE04EC0-301F-11D3-BF4B-00C04F79EFBC}") = "CLDV7111_2024_ST10129307_POE_1", "CLDV7111_2023_ST10129307_POE_1\CLDV7111_2024_ST10129307_POE_1.csproj", "{1D776143-978B-4B14-B936-4DB2DA281786}"
EndProject
Global
	GlobalSection(SolutionConfigurationPlatforms) = preSolution
		Debug|Any CPU = Debug|Any CPU
		Release|Any CPU = Release|Any CPU
	EndGlobalSection
	GlobalSection(ProjectConfigurationPlatforms) = postSolution
		{1D776143-978B-4B14-B936-4DB2DA281786}.Debug|Any CPU.ActiveCfg = Debug|Any CPU
		{1D776143-978B-4B14-B936-4DB2DA281786}.Debug|Any CPU.Build.0 = Debug|Any CPU
		{1D776143-978B-4B14-B936-4DB2DA281786}.Release|Any CPU.ActiveCfg = Release|Any CPU
		{1D776143-978B-4B14-B936-4DB2DA281786}.Release|Any CPU.Build.0 = Release|Any CPU
	EndGlobalSection
	GlobalSection(SolutionProperties) = preSolution
		HideSolutionNode = FALSE
	EndGlobalSection
	GlobalSection(ExtensibilityGlobals) = postSolution
		SolutionGuid = {38FA7A65-1A85-4577-B0C3-9AA958FE8E72}
	EndGlobalSection
EndGlobal
